// !$*UTF8*$!
{
	archiveVersion = 1;
	classes = {
	};
	objectVersion = 46;
	objects = {

/* Begin PBXBuildFile section */
		01537937E9AF68965991F253 /* Pods_swiftUseTests.framework in Frameworks */ = {isa = PBXBuildFile; fileRef = 8520373B3FB12C381B9A60AE /* Pods_swiftUseTests.framework */; };
		4D05DB8F1FEA4ABF00D9A406 /* Student.swift in Sources */ = {isa = PBXBuildFile; fileRef = 4D05DB8E1FEA4ABF00D9A406 /* Student.swift */; };
		4D11952F1FE74D1700C3C911 /* AppDelegate.swift in Sources */ = {isa = PBXBuildFile; fileRef = 4D11952E1FE74D1700C3C911 /* AppDelegate.swift */; };
		4D1195311FE74D1700C3C911 /* ViewController.swift in Sources */ = {isa = PBXBuildFile; fileRef = 4D1195301FE74D1700C3C911 /* ViewController.swift */; };
		4D1195341FE74D1700C3C911 /* Main.storyboard in Resources */ = {isa = PBXBuildFile; fileRef = 4D1195321FE74D1700C3C911 /* Main.storyboard */; };
		4D1195361FE74D1700C3C911 /* Assets.xcassets in Resources */ = {isa = PBXBuildFile; fileRef = 4D1195351FE74D1700C3C911 /* Assets.xcassets */; };
		4D1195391FE74D1700C3C911 /* LaunchScreen.storyboard in Resources */ = {isa = PBXBuildFile; fileRef = 4D1195371FE74D1700C3C911 /* LaunchScreen.storyboard */; };
		4D1195441FE74D1800C3C911 /* swiftUseTests.swift in Sources */ = {isa = PBXBuildFile; fileRef = 4D1195431FE74D1800C3C911 /* swiftUseTests.swift */; };
		4DA41C20200EFD6F00ACA0FD /* InterNetWithAlamofireUseViewController.swift in Sources */ = {isa = PBXBuildFile; fileRef = 4DA41C1F200EFD6F00ACA0FD /* InterNetWithAlamofireUseViewController.swift */; };
		4DDDC0AB1FF3352B00D2E04D /* AnotherViewController.swift in Sources */ = {isa = PBXBuildFile; fileRef = 4DDDC0AA1FF3352B00D2E04D /* AnotherViewController.swift */; };
		4DDDC0AD1FF3392D00D2E04D /* TwoWithNavgationViewController.swift in Sources */ = {isa = PBXBuildFile; fileRef = 4DDDC0AC1FF3392D00D2E04D /* TwoWithNavgationViewController.swift */; };
		4DDDC0AF1FF3509200D2E04D /* ThreeWithNavigationViewController.swift in Sources */ = {isa = PBXBuildFile; fileRef = 4DDDC0AE1FF3509200D2E04D /* ThreeWithNavigationViewController.swift */; };
		D1AFC9C9B6B05A08F014B2DC /* Pods_swiftUse.framework in Frameworks */ = {isa = PBXBuildFile; fileRef = D2EAAB61C9C723D1934D317C /* Pods_swiftUse.framework */; };
/* End PBXBuildFile section */

/* Begin PBXContainerItemProxy section */
		4D1195401FE74D1800C3C911 /* PBXContainerItemProxy */ = {
			isa = PBXContainerItemProxy;
			containerPortal = 4D1195231FE74D1700C3C911 /* Project object */;
			proxyType = 1;
			remoteGlobalIDString = 4D11952A1FE74D1700C3C911;
			remoteInfo = swiftUse;
		};
/* End PBXContainerItemProxy section */

/* Begin PBXFileReference section */
		0C6FE6238457EBE2F4C30A45 /* Pods-swiftUse.release.xcconfig */ = {isa = PBXFileReference; includeInIndex = 1; lastKnownFileType = text.xcconfig; name = "Pods-swiftUse.release.xcconfig"; path = "Pods/Target Support Files/Pods-swiftUse/Pods-swiftUse.release.xcconfig"; sourceTree = "<group>"; };
		19E47E0DAC1E3713AE83BE32 /* Pods-swiftUseTests.release.xcconfig */ = {isa = PBXFileReference; includeInIndex = 1; lastKnownFileType = text.xcconfig; name = "Pods-swiftUseTests.release.xcconfig"; path = "Pods/Target Support Files/Pods-swiftUseTests/Pods-swiftUseTests.release.xcconfig"; sourceTree = "<group>"; };
		4D05DB8E1FEA4ABF00D9A406 /* Student.swift */ = {isa = PBXFileReference; fileEncoding = 4; lastKnownFileType = sourcecode.swift; path = Student.swift; sourceTree = "<group>"; };
		4D11952B1FE74D1700C3C911 /* swiftUse.app */ = {isa = PBXFileReference; explicitFileType = wrapper.application; includeInIndex = 0; path = swiftUse.app; sourceTree = BUILT_PRODUCTS_DIR; };
		4D11952E1FE74D1700C3C911 /* AppDelegate.swift */ = {isa = PBXFileReference; lastKnownFileType = sourcecode.swift; path = AppDelegate.swift; sourceTree = "<group>"; };
		4D1195301FE74D1700C3C911 /* ViewController.swift */ = {isa = PBXFileReference; lastKnownFileType = sourcecode.swift; path = ViewController.swift; sourceTree = "<group>"; };
		4D1195331FE74D1700C3C911 /* Base */ = {isa = PBXFileReference; lastKnownFileType = file.storyboard; name = Base; path = Base.lproj/Main.storyboard; sourceTree = "<group>"; };
		4D1195351FE74D1700C3C911 /* Assets.xcassets */ = {isa = PBXFileReference; lastKnownFileType = folder.assetcatalog; path = Assets.xcassets; sourceTree = "<group>"; };
		4D1195381FE74D1700C3C911 /* Base */ = {isa = PBXFileReference; lastKnownFileType = file.storyboard; name = Base; path = Base.lproj/LaunchScreen.storyboard; sourceTree = "<group>"; };
		4D11953A1FE74D1700C3C911 /* Info.plist */ = {isa = PBXFileReference; lastKnownFileType = text.plist.xml; path = Info.plist; sourceTree = "<group>"; };
		4D11953F1FE74D1800C3C911 /* swiftUseTests.xctest */ = {isa = PBXFileReference; explicitFileType = wrapper.cfbundle; includeInIndex = 0; path = swiftUseTests.xctest; sourceTree = BUILT_PRODUCTS_DIR; };
		4D1195431FE74D1800C3C911 /* swiftUseTests.swift */ = {isa = PBXFileReference; lastKnownFileType = sourcecode.swift; path = swiftUseTests.swift; sourceTree = "<group>"; };
		4D1195451FE74D1800C3C911 /* Info.plist */ = {isa = PBXFileReference; lastKnownFileType = text.plist.xml; path = Info.plist; sourceTree = "<group>"; };
		4DA41C1F200EFD6F00ACA0FD /* InterNetWithAlamofireUseViewController.swift */ = {isa = PBXFileReference; lastKnownFileType = sourcecode.swift; path = InterNetWithAlamofireUseViewController.swift; sourceTree = "<group>"; };
		4DDDC0AA1FF3352B00D2E04D /* AnotherViewController.swift */ = {isa = PBXFileReference; fileEncoding = 4; lastKnownFileType = sourcecode.swift; path = AnotherViewController.swift; sourceTree = "<group>"; };
		4DDDC0AC1FF3392D00D2E04D /* TwoWithNavgationViewController.swift */ = {isa = PBXFileReference; fileEncoding = 4; lastKnownFileType = sourcecode.swift; path = TwoWithNavgationViewController.swift; sourceTree = "<group>"; };
		4DDDC0AE1FF3509200D2E04D /* ThreeWithNavigationViewController.swift */ = {isa = PBXFileReference; fileEncoding = 4; lastKnownFileType = sourcecode.swift; path = ThreeWithNavigationViewController.swift; sourceTree = "<group>"; };
		8520373B3FB12C381B9A60AE /* Pods_swiftUseTests.framework */ = {isa = PBXFileReference; explicitFileType = wrapper.framework; includeInIndex = 0; path = Pods_swiftUseTests.framework; sourceTree = BUILT_PRODUCTS_DIR; };
		B341DE3A2F7DCE27AB22CE17 /* Pods-swiftUseTests.debug.xcconfig */ = {isa = PBXFileReference; includeInIndex = 1; lastKnownFileType = text.xcconfig; name = "Pods-swiftUseTests.debug.xcconfig"; path = "Pods/Target Support Files/Pods-swiftUseTests/Pods-swiftUseTests.debug.xcconfig"; sourceTree = "<group>"; };
		D03C71BBFFE3472EA543B225 /* Pods-swiftUse.debug.xcconfig */ = {isa = PBXFileReference; includeInIndex = 1; lastKnownFileType = text.xcconfig; name = "Pods-swiftUse.debug.xcconfig"; path = "Pods/Target Support Files/Pods-swiftUse/Pods-swiftUse.debug.xcconfig"; sourceTree = "<group>"; };
		D2EAAB61C9C723D1934D317C /* Pods_swiftUse.framework */ = {isa = PBXFileReference; explicitFileType = wrapper.framework; includeInIndex = 0; path = Pods_swiftUse.framework; sourceTree = BUILT_PRODUCTS_DIR; };
/* End PBXFileReference section */

/* Begin PBXFrameworksBuildPhase section */
		4D1195281FE74D1700C3C911 /* Frameworks */ = {
			isa = PBXFrameworksBuildPhase;
			buildActionMask = 2147483647;
			files = (
				D1AFC9C9B6B05A08F014B2DC /* Pods_swiftUse.framework in Frameworks */,
			);
			runOnlyForDeploymentPostprocessing = 0;
		};
		4D11953C1FE74D1800C3C911 /* Frameworks */ = {
			isa = PBXFrameworksBuildPhase;
			buildActionMask = 2147483647;
			files = (
				01537937E9AF68965991F253 /* Pods_swiftUseTests.framework in Frameworks */,
			);
			runOnlyForDeploymentPostprocessing = 0;
		};
/* End PBXFrameworksBuildPhase section */

/* Begin PBXGroup section */
		4D05DB8D1FEA49CA00D9A406 /* classes */ = {
			isa = PBXGroup;
			children = (
				4D05DB8E1FEA4ABF00D9A406 /* Student.swift */,
			);
			path = classes;
			sourceTree = "<group>";
		};
		4D1195221FE74D1700C3C911 = {
			isa = PBXGroup;
			children = (
				4D11952D1FE74D1700C3C911 /* swiftUse */,
				4D1195421FE74D1800C3C911 /* swiftUseTests */,
				4D11952C1FE74D1700C3C911 /* Products */,
				82F565D5D6865BB8B1C0EDCE /* Pods */,
				AD40AEC55991EAEBFA8AB775 /* Frameworks */,
			);
			sourceTree = "<group>";
		};
		4D11952C1FE74D1700C3C911 /* Products */ = {
			isa = PBXGroup;
			children = (
				4D11952B1FE74D1700C3C911 /* swiftUse.app */,
				4D11953F1FE74D1800C3C911 /* swiftUseTests.xctest */,
			);
			name = Products;
			sourceTree = "<group>";
		};
		4D11952D1FE74D1700C3C911 /* swiftUse */ = {
			isa = PBXGroup;
			children = (
				4D11952E1FE74D1700C3C911 /* AppDelegate.swift */,
				4D1195301FE74D1700C3C911 /* ViewController.swift */,
				4DA41C1F200EFD6F00ACA0FD /* InterNetWithAlamofireUseViewController.swift */,
				4DDDC0AA1FF3352B00D2E04D /* AnotherViewController.swift */,
				4DDDC0AC1FF3392D00D2E04D /* TwoWithNavgationViewController.swift */,
				4DDDC0AE1FF3509200D2E04D /* ThreeWithNavigationViewController.swift */,
				4D05DB8D1FEA49CA00D9A406 /* classes */,
				4D1195321FE74D1700C3C911 /* Main.storyboard */,
				4D1195351FE74D1700C3C911 /* Assets.xcassets */,
				4D1195371FE74D1700C3C911 /* LaunchScreen.storyboard */,
				4D11953A1FE74D1700C3C911 /* Info.plist */,
			);
			path = swiftUse;
			sourceTree = "<group>";
		};
		4D1195421FE74D1800C3C911 /* swiftUseTests */ = {
			isa = PBXGroup;
			children = (
				4D1195431FE74D1800C3C911 /* swiftUseTests.swift */,
				4D1195451FE74D1800C3C911 /* Info.plist */,
			);
			path = swiftUseTests;
			sourceTree = "<group>";
		};
		82F565D5D6865BB8B1C0EDCE /* Pods */ = {
			isa = PBXGroup;
			children = (
				D03C71BBFFE3472EA543B225 /* Pods-swiftUse.debug.xcconfig */,
				0C6FE6238457EBE2F4C30A45 /* Pods-swiftUse.release.xcconfig */,
				B341DE3A2F7DCE27AB22CE17 /* Pods-swiftUseTests.debug.xcconfig */,
				19E47E0DAC1E3713AE83BE32 /* Pods-swiftUseTests.release.xcconfig */,
			);
			name = Pods;
			sourceTree = "<group>";
		};
		AD40AEC55991EAEBFA8AB775 /* Frameworks */ = {
			isa = PBXGroup;
			children = (
				D2EAAB61C9C723D1934D317C /* Pods_swiftUse.framework */,
				8520373B3FB12C381B9A60AE /* Pods_swiftUseTests.framework */,
			);
			name = Frameworks;
			sourceTree = "<group>";
		};
/* End PBXGroup section */

/* Begin PBXNativeTarget section */
		4D11952A1FE74D1700C3C911 /* swiftUse */ = {
			isa = PBXNativeTarget;
			buildConfigurationList = 4D1195481FE74D1800C3C911 /* Build configuration list for PBXNativeTarget "swiftUse" */;
			buildPhases = (
				195D5D35A9BDF9E2147C02F1 /* [CP] Check Pods Manifest.lock */,
				4D1195271FE74D1700C3C911 /* Sources */,
				4D1195281FE74D1700C3C911 /* Frameworks */,
				4D1195291FE74D1700C3C911 /* Resources */,
				9DA188E9DFC52EA5484B0641 /* [CP] Embed Pods Frameworks */,
				53E76C1CFAF0024C62487E6D /* [CP] Copy Pods Resources */,
			);
			buildRules = (
			);
			dependencies = (
			);
			name = swiftUse;
			productName = swiftUse;
			productReference = 4D11952B1FE74D1700C3C911 /* swiftUse.app */;
			productType = "com.apple.product-type.application";
		};
		4D11953E1FE74D1800C3C911 /* swiftUseTests */ = {
			isa = PBXNativeTarget;
			buildConfigurationList = 4D11954B1FE74D1800C3C911 /* Build configuration list for PBXNativeTarget "swiftUseTests" */;
			buildPhases = (
				763B60BE83F1E4E6B3B0C0B6 /* [CP] Check Pods Manifest.lock */,
				4D11953B1FE74D1800C3C911 /* Sources */,
				4D11953C1FE74D1800C3C911 /* Frameworks */,
				4D11953D1FE74D1800C3C911 /* Resources */,
				BD8F078B2F47678C1291E6BD /* [CP] Embed Pods Frameworks */,
				AE88362E602C42C5CC0D644C /* [CP] Copy Pods Resources */,
			);
			buildRules = (
			);
			dependencies = (
				4D1195411FE74D1800C3C911 /* PBXTargetDependency */,
			);
			name = swiftUseTests;
			productName = swiftUseTests;
			productReference = 4D11953F1FE74D1800C3C911 /* swiftUseTests.xctest */;
			productType = "com.apple.product-type.bundle.unit-test";
		};
/* End PBXNativeTarget section */

/* Begin PBXProject section */
		4D1195231FE74D1700C3C911 /* Project object */ = {
			isa = PBXProject;
			attributes = {
				LastSwiftUpdateCheck = 0830;
				LastUpgradeCheck = 0830;
				ORGANIZATIONNAME = "RainHeroic Kung";
				TargetAttributes = {
					4D11952A1FE74D1700C3C911 = {
						CreatedOnToolsVersion = 8.3.3;
						DevelopmentTeam = VG6HJ85V7K;
						LastSwiftMigration = 0830;
						ProvisioningStyle = Automatic;
					};
					4D11953E1FE74D1800C3C911 = {
						CreatedOnToolsVersion = 8.3.3;
						DevelopmentTeam = VG6HJ85V7K;
						ProvisioningStyle = Automatic;
						TestTargetID = 4D11952A1FE74D1700C3C911;
					};
				};
			};
			buildConfigurationList = 4D1195261FE74D1700C3C911 /* Build configuration list for PBXProject "swiftUse" */;
			compatibilityVersion = "Xcode 3.2";
			developmentRegion = English;
			hasScannedForEncodings = 0;
			knownRegions = (
				en,
				Base,
			);
			mainGroup = 4D1195221FE74D1700C3C911;
			productRefGroup = 4D11952C1FE74D1700C3C911 /* Products */;
			projectDirPath = "";
			projectRoot = "";
			targets = (
				4D11952A1FE74D1700C3C911 /* swiftUse */,
				4D11953E1FE74D1800C3C911 /* swiftUseTests */,
			);
		};
/* End PBXProject section */

/* Begin PBXResourcesBuildPhase section */
		4D1195291FE74D1700C3C911 /* Resources */ = {
			isa = PBXResourcesBuildPhase;
			buildActionMask = 2147483647;
			files = (
				4D1195391FE74D1700C3C911 /* LaunchScreen.storyboard in Resources */,
				4D1195361FE74D1700C3C911 /* Assets.xcassets in Resources */,
				4D1195341FE74D1700C3C911 /* Main.storyboard in Resources */,
			);
			runOnlyForDeploymentPostprocessing = 0;
		};
		4D11953D1FE74D1800C3C911 /* Resources */ = {
			isa = PBXResourcesBuildPhase;
			buildActionMask = 2147483647;
			files = (
			);
			runOnlyForDeploymentPostprocessing = 0;
		};
/* End PBXResourcesBuildPhase section */

/* Begin PBXShellScriptBuildPhase section */
		195D5D35A9BDF9E2147C02F1 /* [CP] Check Pods Manifest.lock */ = {
			isa = PBXShellScriptBuildPhase;
			buildActionMask = 2147483647;
			files = (
			);
			inputPaths = (
			);
			name = "[CP] Check Pods Manifest.lock";
			outputPaths = (
			);
			runOnlyForDeploymentPostprocessing = 0;
			shellPath = /bin/sh;
			shellScript = "diff \"${PODS_PODFILE_DIR_PATH}/Podfile.lock\" \"${PODS_ROOT}/Manifest.lock\" > /dev/null\nif [ $? != 0 ] ; then\n    # print error to STDERR\n    echo \"error: The sandbox is not in sync with the Podfile.lock. Run 'pod install' or update your CocoaPods installation.\" >&2\n    exit 1\nfi\n";
			showEnvVarsInLog = 0;
		};
		53E76C1CFAF0024C62487E6D /* [CP] Copy Pods Resources */ = {
			isa = PBXShellScriptBuildPhase;
			buildActionMask = 2147483647;
			files = (
			);
			inputPaths = (
			);
			name = "[CP] Copy Pods Resources";
			outputPaths = (
			);
			runOnlyForDeploymentPostprocessing = 0;
			shellPath = /bin/sh;
			shellScript = "\"${SRCROOT}/Pods/Target Support Files/Pods-swiftUse/Pods-swiftUse-resources.sh\"\n";
			showEnvVarsInLog = 0;
		};
		763B60BE83F1E4E6B3B0C0B6 /* [CP] Check Pods Manifest.lock */ = {
			isa = PBXShellScriptBuildPhase;
			buildActionMask = 2147483647;
			files = (
			);
			inputPaths = (
			);
			name = "[CP] Check Pods Manifest.lock";
			outputPaths = (
			);
			runOnlyForDeploymentPostprocessing = 0;
			shellPath = /bin/sh;
			shellScript = "diff \"${PODS_PODFILE_DIR_PATH}/Podfile.lock\" \"${PODS_ROOT}/Manifest.lock\" > /dev/null\nif [ $? != 0 ] ; then\n    # print error to STDERR\n    echo \"error: The sandbox is not in sync with the Podfile.lock. Run 'pod install' or update your CocoaPods installation.\" >&2\n    exit 1\nfi\n";
			showEnvVarsInLog = 0;
		};
		9DA188E9DFC52EA5484B0641 /* [CP] Embed Pods Frameworks */ = {
			isa = PBXShellScriptBuildPhase;
			buildActionMask = 2147483647;
			files = (
			);
			inputPaths = (
			);
			name = "[CP] Embed Pods Frameworks";
			outputPaths = (
			);
			runOnlyForDeploymentPostprocessing = 0;
			shellPath = /bin/sh;
			shellScript = "\"${SRCROOT}/Pods/Target Support Files/Pods-swiftUse/Pods-swiftUse-frameworks.sh\"\n";
			showEnvVarsInLog = 0;
		};
		AE88362E602C42C5CC0D644C /* [CP] Copy Pods Resources */ = {
			isa = PBXShellScriptBuildPhase;
			buildActionMask = 2147483647;
			files = (
			);
			inputPaths = (
			);
			name = "[CP] Copy Pods Resources";
			outputPaths = (
			);
			runOnlyForDeploymentPostprocessing = 0;
			shellPath = /bin/sh;
			shellScript = "\"${SRCROOT}/Pods/Target Support Files/Pods-swiftUseTests/Pods-swiftUseTests-resources.sh\"\n";
			showEnvVarsInLog = 0;
		};
		BD8F078B2F47678C1291E6BD /* [CP] Embed Pods Frameworks */ = {
			isa = PBXShellScriptBuildPhase;
			buildActionMask = 2147483647;
			files = (
			);
			inputPaths = (
			);
			name = "[CP] Embed Pods Frameworks";
			outputPaths = (
			);
			runOnlyForDeploymentPostprocessing = 0;
			shellPath = /bin/sh;
			shellScript = "\"${SRCROOT}/Pods/Target Support Files/Pods-swiftUseTests/Pods-swiftUseTests-frameworks.sh\"\n";
			showEnvVarsInLog = 0;
		};
/* End PBXShellScriptBuildPhase section */

/* Begin PBXSourcesBuildPhase section */
		4D1195271FE74D1700C3C911 /* Sources */ = {
			isa = PBXSourcesBuildPhase;
			buildActionMask = 2147483647;
			files = (
				4DDDC0AD1FF3392D00D2E04D /* TwoWithNavgationViewController.swift in Sources */,
				4D1195311FE74D1700C3C911 /* ViewController.swift in Sources */,
				4D05DB8F1FEA4ABF00D9A406 /* Student.swift in Sources */,
				4DDDC0AF1FF3509200D2E04D /* ThreeWithNavigationViewController.swift in Sources */,
				4DDDC0AB1FF3352B00D2E04D /* AnotherViewController.swift in Sources */,
				4DA41C20200EFD6F00ACA0FD /* InterNetWithAlamofireUseViewController.swift in Sources */,
				4D11952F1FE74D1700C3C911 /* AppDelegate.swift in Sources */,
			);
			runOnlyForDeploymentPostprocessing = 0;
		};
		4D11953B1FE74D1800C3C911 /* Sources */ = {
			isa = PBXSourcesBuildPhase;
			buildActionMask = 2147483647;
			files = (
				4D1195441FE74D1800C3C911 /* swiftUseTests.swift in Sources */,
			);
			runOnlyForDeploymentPostprocessing = 0;
		};
/* End PBXSourcesBuildPhase section */

/* Begin PBXTargetDependency section */
		4D1195411FE74D1800C3C911 /* PBXTargetDependency */ = {
			isa = PBXTargetDependency;
			target = 4D11952A1FE74D1700C3C911 /* swiftUse */;
			targetProxy = 4D1195401FE74D1800C3C911 /* PBXContainerItemProxy */;
		};
/* End PBXTargetDependency section */

/* Begin PBXVariantGroup section */
		4D1195321FE74D1700C3C911 /* Main.storyboard */ = {
			isa = PBXVariantGroup;
			children = (
				4D1195331FE74D1700C3C911 /* Base */,
			);
			name = Main.storyboard;
			sourceTree = "<group>";
		};
		4D1195371FE74D1700C3C911 /* LaunchScreen.storyboard */ = {
			isa = PBXVariantGroup;
			children = (
				4D1195381FE74D1700C3C911 /* Base */,
			);
			name = LaunchScreen.storyboard;
			sourceTree = "<group>";
		};
/* End PBXVariantGroup section */

/* Begin XCBuildConfiguration section */
		4D1195461FE74D1800C3C911 /* Debug */ = {
			isa = XCBuildConfiguration;
			buildSettings = {
				ALWAYS_SEARCH_USER_PATHS = NO;
				CLANG_ANALYZER_NONNULL = YES;
				CLANG_ANALYZER_NUMBER_OBJECT_CONVERSION = YES_AGGRESSIVE;
				CLANG_CXX_LANGUAGE_STANDARD = "gnu++0x";
				CLANG_CXX_LIBRARY = "libc++";
				CLANG_ENABLE_MODULES = YES;
				CLANG_ENABLE_OBJC_ARC = YES;
				CLANG_WARN_BOOL_CONVERSION = YES;
				CLANG_WARN_CONSTANT_CONVERSION = YES;
				CLANG_WARN_DIRECT_OBJC_ISA_USAGE = YES_ERROR;
				CLANG_WARN_DOCUMENTATION_COMMENTS = YES;
				CLANG_WARN_EMPTY_BODY = YES;
				CLANG_WARN_ENUM_CONVERSION = YES;
				CLANG_WARN_INFINITE_RECURSION = YES;
				CLANG_WARN_INT_CONVERSION = YES;
				CLANG_WARN_OBJC_ROOT_CLASS = YES_ERROR;
				CLANG_WARN_SUSPICIOUS_MOVE = YES;
				CLANG_WARN_UNREACHABLE_CODE = YES;
				CLANG_WARN__DUPLICATE_METHOD_MATCH = YES;
				"CODE_SIGN_IDENTITY[sdk=iphoneos*]" = "iPhone Developer";
				COPY_PHASE_STRIP = NO;
				DEBUG_INFORMATION_FORMAT = dwarf;
				ENABLE_STRICT_OBJC_MSGSEND = YES;
				ENABLE_TESTABILITY = YES;
				GCC_C_LANGUAGE_STANDARD = gnu99;
				GCC_DYNAMIC_NO_PIC = NO;
				GCC_NO_COMMON_BLOCKS = YES;
				GCC_OPTIMIZATION_LEVEL = 0;
				GCC_PREPROCESSOR_DEFINITIONS = (
					"DEBUG=1",
					"$(inherited)",
				);
				GCC_WARN_64_TO_32_BIT_CONVERSION = YES;
				GCC_WARN_ABOUT_RETURN_TYPE = YES_ERROR;
				GCC_WARN_UNDECLARED_SELECTOR = YES;
				GCC_WARN_UNINITIALIZED_AUTOS = YES_AGGRESSIVE;
				GCC_WARN_UNUSED_FUNCTION = YES;
				GCC_WARN_UNUSED_VARIABLE = YES;
				IPHONEOS_DEPLOYMENT_TARGET = 10.3;
				MTL_ENABLE_DEBUG_INFO = YES;
				ONLY_ACTIVE_ARCH = YES;
				SDKROOT = iphoneos;
				SWIFT_ACTIVE_COMPILATION_CONDITIONS = DEBUG;
				SWIFT_OPTIMIZATION_LEVEL = "-Onone";
				TARGETED_DEVICE_FAMILY = "1,2";
			};
			name = Debug;
		};
		4D1195471FE74D1800C3C911 /* Release */ = {
			isa = XCBuildConfiguration;
			buildSettings = {
				ALWAYS_SEARCH_USER_PATHS = NO;
				CLANG_ANALYZER_NONNULL = YES;
				CLANG_ANALYZER_NUMBER_OBJECT_CONVERSION = YES_AGGRESSIVE;
				CLANG_CXX_LANGUAGE_STANDARD = "gnu++0x";
				CLANG_CXX_LIBRARY = "libc++";
				CLANG_ENABLE_MODULES = YES;
				CLANG_ENABLE_OBJC_ARC = YES;
				CLANG_WARN_BOOL_CONVERSION = YES;
				CLANG_WARN_CONSTANT_CONVERSION = YES;
				CLANG_WARN_DIRECT_OBJC_ISA_USAGE = YES_ERROR;
				CLANG_WARN_DOCUMENTATION_COMMENTS = YES;
				CLANG_WARN_EMPTY_BODY = YES;
				CLANG_WARN_ENUM_CONVERSION = YES;
				CLANG_WARN_INFINITE_RECURSION = YES;
				CLANG_WARN_INT_CONVERSION = YES;
				CLANG_WARN_OBJC_ROOT_CLASS = YES_ERROR;
				CLANG_WARN_SUSPICIOUS_MOVE = YES;
				CLANG_WARN_UNREACHABLE_CODE = YES;
				CLANG_WARN__DUPLICATE_METHOD_MATCH = YES;
				"CODE_SIGN_IDENTITY[sdk=iphoneos*]" = "iPhone Developer";
				COPY_PHASE_STRIP = NO;
				DEBUG_INFORMATION_FORMAT = "dwarf-with-dsym";
				ENABLE_NS_ASSERTIONS = NO;
				ENABLE_STRICT_OBJC_MSGSEND = YES;
				GCC_C_LANGUAGE_STANDARD = gnu99;
				GCC_NO_COMMON_BLOCKS = YES;
				GCC_WARN_64_TO_32_BIT_CONVERSION = YES;
				GCC_WARN_ABOUT_RETURN_TYPE = YES_ERROR;
				GCC_WARN_UNDECLARED_SELECTOR = YES;
				GCC_WARN_UNINITIALIZED_AUTOS = YES_AGGRESSIVE;
				GCC_WARN_UNUSED_FUNCTION = YES;
				GCC_WARN_UNUSED_VARIABLE = YES;
				IPHONEOS_DEPLOYMENT_TARGET = 10.3;
				MTL_ENABLE_DEBUG_INFO = NO;
				SDKROOT = iphoneos;
				SWIFT_OPTIMIZATION_LEVEL = "-Owholemodule";
				TARGETED_DEVICE_FAMILY = "1,2";
				VALIDATE_PRODUCT = YES;
			};
			name = Release;
		};
		4D1195491FE74D1800C3C911 /* Debug */ = {
			isa = XCBuildConfiguration;
			baseConfigurationReference = D03C71BBFFE3472EA543B225 /* Pods-swiftUse.debug.xcconfig */;
			buildSettings = {
				ASSETCATALOG_COMPILER_APPICON_NAME = AppIcon;
				CLANG_ENABLE_MODULES = YES;
				DEVELOPMENT_TEAM = VG6HJ85V7K;
				INFOPLIST_FILE = swiftUse/Info.plist;
				LD_RUNPATH_SEARCH_PATHS = "$(inherited) @executable_path/Frameworks";
				PRODUCT_BUNDLE_IDENTIFIER = com.goyohol.swiftUse;
				PRODUCT_NAME = "$(TARGET_NAME)";
				SWIFT_OBJC_BRIDGING_HEADER = "";
				SWIFT_OPTIMIZATION_LEVEL = "-Onone";
				SWIFT_VERSION = 3.0;
			};
			name = Debug;
		};
		4D11954A1FE74D1800C3C911 /* Release */ = {
			isa = XCBuildConfiguration;
			baseConfigurationReference = 0C6FE6238457EBE2F4C30A45 /* Pods-swiftUse.release.xcconfig */;
			buildSettings = {
				ASSETCATALOG_COMPILER_APPICON_NAME = AppIcon;
				CLANG_ENABLE_MODULES = YES;
				DEVELOPMENT_TEAM = VG6HJ85V7K;
				INFOPLIST_FILE = swiftUse/Info.plist;
				LD_RUNPATH_SEARCH_PATHS = "$(inherited) @executable_path/Frameworks";
				PRODUCT_BUNDLE_IDENTIFIER = com.goyohol.swiftUse;
				PRODUCT_NAME = "$(TARGET_NAME)";
				SWIFT_OBJC_BRIDGING_HEADER = "";
				SWIFT_VERSION = 3.0;
			};
			name = Release;
		};
		4D11954C1FE74D1800C3C911 /* Debug */ = {
			isa = XCBuildConfiguration;
			baseConfigurationReference = B341DE3A2F7DCE27AB22CE17 /* Pods-swiftUseTests.debug.xcconfig */;
			buildSettings = {
				ALWAYS_EMBED_SWIFT_STANDARD_LIBRARIES = YES;
				BUNDLE_LOADER = "$(TEST_HOST)";
				DEVELOPMENT_TEAM = VG6HJ85V7K;
				INFOPLIST_FILE = swiftUseTests/Info.plist;
				LD_RUNPATH_SEARCH_PATHS = "$(inherited) @executable_path/Frameworks @loader_path/Frameworks";
				PRODUCT_BUNDLE_IDENTIFIER = com.goyohol.swiftUseTests;
				PRODUCT_NAME = "$(TARGET_NAME)";
				SWIFT_VERSION = 3.0;
				TEST_HOST = "$(BUILT_PRODUCTS_DIR)/swiftUse.app/swiftUse";
			};
			name = Debug;
		};
		4D11954D1FE74D1800C3C911 /* Release */ = {
			isa = XCBuildConfiguration;
			baseConfigurationReference = 19E47E0DAC1E3713AE83BE32 /* Pods-swiftUseTests.release.xcconfig */;
			buildSettings = {
				ALWAYS_EMBED_SWIFT_STANDARD_LIBRARIES = YES;
				BUNDLE_LOADER = "$(TEST_HOST)";
				DEVELOPMENT_TEAM = VG6HJ85V7K;
				INFOPLIST_FILE = swiftUseTests/Info.plist;
				LD_RUNPATH_SEARCH_PATHS = "$(inherited) @executable_path/Frameworks @loader_path/Frameworks";
				PRODUCT_BUNDLE_IDENTIFIER = com.goyohol.swiftUseTests;
				PRODUCT_NAME = "$(TARGET_NAME)";
				SWIFT_VERSION = 3.0;
				TEST_HOST = "$(BUILT_PRODUCTS_DIR)/swiftUse.app/swiftUse";
			};
			name = Release;
		};
/* End XCBuildConfiguration section */

/* Begin XCConfigurationList section */
		4D1195261FE74D1700C3C911 /* Build configuration list for PBXProject "swiftUse" */ = {
			isa = XCConfigurationList;
			buildConfigurations = (
				4D1195461FE74D1800C3C911 /* Debug */,
				4D1195471FE74D1800C3C911 /* Release */,
			);
			defaultConfigurationIsVisible = 0;
			defaultConfigurationName = Release;
		};
		4D1195481FE74D1800C3C911 /* Build configuration list for PBXNativeTarget "swiftUse" */ = {
			isa = XCConfigurationList;
			buildConfigurations = (
				4D1195491FE74D1800C3C911 /* Debug */,
				4D11954A1FE74D1800C3C911 /* Release */,
			);
			defaultConfigurationIsVisible = 0;
			defaultConfigurationName = Release;
		};
		4D11954B1FE74D1800C3C911 /* Build configuration list for PBXNativeTarget "swiftUseTests" */ = {
			isa = XCConfigurationList;
			buildConfigurations = (
				4D11954C1FE74D1800C3C911 /* Debug */,
				4D11954D1FE74D1800C3C911 /* Release */,
			);
			defaultConfigurationIsVisible = 0;
			defaultConfigurationName = Release;
		};
/* End XCConfigurationList section */
	};
	rootObject = 4D1195231FE74D1700C3C911 /* Project object */;
}
